// !$*UTF8*$!
{
	archiveVersion = 1;
	classes = {
	};
	objectVersion = 46;
	objects = {

/* Begin PBXBuildFile section */
		68B8664F2A78F34CCB4C7CA3 /* Pods_Anfitrion_Paseo.framework in Frameworks */ = {isa = PBXBuildFile; fileRef = 826FD18A65831C13049F08EE /* Pods_Anfitrion_Paseo.framework */; };
		FAD6E4611F98D9B500824842 /* AppDelegate.swift in Sources */ = {isa = PBXBuildFile; fileRef = FAD6E4601F98D9B500824842 /* AppDelegate.swift */; };
		FAD6E4631F98D9B500824842 /* ViewController.swift in Sources */ = {isa = PBXBuildFile; fileRef = FAD6E4621F98D9B500824842 /* ViewController.swift */; };
		FAD6E4661F98D9B500824842 /* Main.storyboard in Resources */ = {isa = PBXBuildFile; fileRef = FAD6E4641F98D9B500824842 /* Main.storyboard */; };
		FAD6E4681F98D9B500824842 /* Assets.xcassets in Resources */ = {isa = PBXBuildFile; fileRef = FAD6E4671F98D9B500824842 /* Assets.xcassets */; };
		FAD6E46B1F98D9B500824842 /* LaunchScreen.storyboard in Resources */ = {isa = PBXBuildFile; fileRef = FAD6E4691F98D9B500824842 /* LaunchScreen.storyboard */; };
/* End PBXBuildFile section */

/* Begin PBXFileReference section */
		0F7F80DFF389BB994893C291 /* Pods-Anfitrion Paseo.release.xcconfig */ = {isa = PBXFileReference; includeInIndex = 1; lastKnownFileType = text.xcconfig; name = "Pods-Anfitrion Paseo.release.xcconfig"; path = "Pods/Target Support Files/Pods-Anfitrion Paseo/Pods-Anfitrion Paseo.release.xcconfig"; sourceTree = "<group>"; };
		7015108C23DA3EDFE7DC1DC0 /* Pods-Anfitrion Paseo.debug.xcconfig */ = {isa = PBXFileReference; includeInIndex = 1; lastKnownFileType = text.xcconfig; name = "Pods-Anfitrion Paseo.debug.xcconfig"; path = "Pods/Target Support Files/Pods-Anfitrion Paseo/Pods-Anfitrion Paseo.debug.xcconfig"; sourceTree = "<group>"; };
		826FD18A65831C13049F08EE /* Pods_Anfitrion_Paseo.framework */ = {isa = PBXFileReference; explicitFileType = wrapper.framework; includeInIndex = 0; path = Pods_Anfitrion_Paseo.framework; sourceTree = BUILT_PRODUCTS_DIR; };
		FAD6E45D1F98D9B500824842 /* Anfitrion Paseo.app */ = {isa = PBXFileReference; explicitFileType = wrapper.application; includeInIndex = 0; path = "Anfitrion Paseo.app"; sourceTree = BUILT_PRODUCTS_DIR; };
		FAD6E4601F98D9B500824842 /* AppDelegate.swift */ = {isa = PBXFileReference; lastKnownFileType = sourcecode.swift; path = AppDelegate.swift; sourceTree = "<group>"; };
		FAD6E4621F98D9B500824842 /* ViewController.swift */ = {isa = PBXFileReference; lastKnownFileType = sourcecode.swift; path = ViewController.swift; sourceTree = "<group>"; };
		FAD6E4651F98D9B500824842 /* Base */ = {isa = PBXFileReference; lastKnownFileType = file.storyboard; name = Base; path = Base.lproj/Main.storyboard; sourceTree = "<group>"; };
		FAD6E4671F98D9B500824842 /* Assets.xcassets */ = {isa = PBXFileReference; lastKnownFileType = folder.assetcatalog; path = Assets.xcassets; sourceTree = "<group>"; };
		FAD6E46A1F98D9B500824842 /* Base */ = {isa = PBXFileReference; lastKnownFileType = file.storyboard; name = Base; path = Base.lproj/LaunchScreen.storyboard; sourceTree = "<group>"; };
		FAD6E46C1F98D9B500824842 /* Info.plist */ = {isa = PBXFileReference; lastKnownFileType = text.plist.xml; path = Info.plist; sourceTree = "<group>"; };
/* End PBXFileReference section */

/* Begin PBXFrameworksBuildPhase section */
		FAD6E45A1F98D9B400824842 /* Frameworks */ = {
			isa = PBXFrameworksBuildPhase;
			buildActionMask = 2147483647;
			files = (
				68B8664F2A78F34CCB4C7CA3 /* Pods_Anfitrion_Paseo.framework in Frameworks */,
			);
			runOnlyForDeploymentPostprocessing = 0;
		};
/* End PBXFrameworksBuildPhase section */

/* Begin PBXGroup section */
		4532B7457C61D76E5A38BA52 /* Pods */ = {
			isa = PBXGroup;
			children = (
				7015108C23DA3EDFE7DC1DC0 /* Pods-Anfitrion Paseo.debug.xcconfig */,
				0F7F80DFF389BB994893C291 /* Pods-Anfitrion Paseo.release.xcconfig */,
			);
			name = Pods;
			sourceTree = "<group>";
		};
		536086CFC796E8DA28F11965 /* Frameworks */ = {
			isa = PBXGroup;
			children = (
				826FD18A65831C13049F08EE /* Pods_Anfitrion_Paseo.framework */,
			);
			name = Frameworks;
			sourceTree = "<group>";
		};
		FAD6E4541F98D9B400824842 = {
			isa = PBXGroup;
			children = (
				FAD6E45F1F98D9B500824842 /* Anfitrion Paseo */,
				FAD6E45E1F98D9B500824842 /* Products */,
				4532B7457C61D76E5A38BA52 /* Pods */,
				536086CFC796E8DA28F11965 /* Frameworks */,
			);
			sourceTree = "<group>";
		};
		FAD6E45E1F98D9B500824842 /* Products */ = {
			isa = PBXGroup;
			children = (
				FAD6E45D1F98D9B500824842 /* Anfitrion Paseo.app */,
			);
			name = Products;
			sourceTree = "<group>";
		};
		FAD6E45F1F98D9B500824842 /* Anfitrion Paseo */ = {
			isa = PBXGroup;
			children = (
				FAD6E4601F98D9B500824842 /* AppDelegate.swift */,
				FAD6E4621F98D9B500824842 /* ViewController.swift */,
				FAD6E4641F98D9B500824842 /* Main.storyboard */,
				FAD6E4671F98D9B500824842 /* Assets.xcassets */,
				FAD6E4691F98D9B500824842 /* LaunchScreen.storyboard */,
				FAD6E46C1F98D9B500824842 /* Info.plist */,
			);
			path = "Anfitrion Paseo";
			sourceTree = "<group>";
		};
/* End PBXGroup section */

/* Begin PBXNativeTarget section */
		FAD6E45C1F98D9B400824842 /* Anfitrion Paseo */ = {
			isa = PBXNativeTarget;
			buildConfigurationList = FAD6E46F1F98D9B500824842 /* Build configuration list for PBXNativeTarget "Anfitrion Paseo" */;
			buildPhases = (
				656D4C5D93DD003854A97733 /* [CP] Check Pods Manifest.lock */,
				FAD6E4591F98D9B400824842 /* Sources */,
				FAD6E45A1F98D9B400824842 /* Frameworks */,
				FAD6E45B1F98D9B400824842 /* Resources */,
				0703A8D9437E7016D1D4586A /* [CP] Embed Pods Frameworks */,
				EC5CCA2BA85CEC22CB1C3C87 /* [CP] Copy Pods Resources */,
			);
			buildRules = (
			);
			dependencies = (
			);
			name = "Anfitrion Paseo";
			productName = "Anfitrion Paseo";
			productReference = FAD6E45D1F98D9B500824842 /* Anfitrion Paseo.app */;
			productType = "com.apple.product-type.application";
		};
/* End PBXNativeTarget section */

/* Begin PBXProject section */
		FAD6E4551F98D9B400824842 /* Project object */ = {
			isa = PBXProject;
			attributes = {
				LastSwiftUpdateCheck = 0820;
				LastUpgradeCheck = 0820;
				ORGANIZATIONNAME = "Grupo Paseo";
				TargetAttributes = {
					FAD6E45C1F98D9B400824842 = {
						CreatedOnToolsVersion = 8.2.1;
						DevelopmentTeam = 3FWNGW7RR4;
						ProvisioningStyle = Automatic;
					};
				};
			};
			buildConfigurationList = FAD6E4581F98D9B400824842 /* Build configuration list for PBXProject "Anfitrion Paseo" */;
			compatibilityVersion = "Xcode 3.2";
			developmentRegion = English;
			hasScannedForEncodings = 0;
			knownRegions = (
				en,
				Base,
			);
			mainGroup = FAD6E4541F98D9B400824842;
			productRefGroup = FAD6E45E1F98D9B500824842 /* Products */;
			projectDirPath = "";
			projectRoot = "";
			targets = (
				FAD6E45C1F98D9B400824842 /* Anfitrion Paseo */,
			);
		};
/* End PBXProject section */

/* Begin PBXResourcesBuildPhase section */
		FAD6E45B1F98D9B400824842 /* Resources */ = {
			isa = PBXResourcesBuildPhase;
			buildActionMask = 2147483647;
			files = (
				FAD6E46B1F98D9B500824842 /* LaunchScreen.storyboard in Resources */,
				FAD6E4681F98D9B500824842 /* Assets.xcassets in Resources */,
				FAD6E4661F98D9B500824842 /* Main.storyboard in Resources */,
			);
			runOnlyForDeploymentPostprocessing = 0;
		};
/* End PBXResourcesBuildPhase section */

/* Begin PBXShellScriptBuildPhase section */
		0703A8D9437E7016D1D4586A /* [CP] Embed Pods Frameworks */ = {
			isa = PBXShellScriptBuildPhase;
			buildActionMask = 2147483647;
			files = (
			);
			inputPaths = (
				"${SRCROOT}/Pods/Target Support Files/Pods-Anfitrion Paseo/Pods-Anfitrion Paseo-frameworks.sh",
				"${BUILT_PRODUCTS_DIR}/Alamofire/Alamofire.framework",
			);
			name = "[CP] Embed Pods Frameworks";
			outputPaths = (
				"${TARGET_BUILD_DIR}/${FRAMEWORKS_FOLDER_PATH}/Alamofire.framework",
			);
			runOnlyForDeploymentPostprocessing = 0;
			shellPath = /bin/sh;
			shellScript = "\"${SRCROOT}/Pods/Target Support Files/Pods-Anfitrion Paseo/Pods-Anfitrion Paseo-frameworks.sh\"\n";
			showEnvVarsInLog = 0;
		};
		656D4C5D93DD003854A97733 /* [CP] Check Pods Manifest.lock */ = {
			isa = PBXShellScriptBuildPhase;
			buildActionMask = 2147483647;
			files = (
			);
			inputPaths = (
				"${PODS_PODFILE_DIR_PATH}/Podfile.lock",
				"${PODS_ROOT}/Manifest.lock",
			);
			name = "[CP] Check Pods Manifest.lock";
			outputPaths = (
				"$(DERIVED_FILE_DIR)/Pods-Anfitrion Paseo-checkManifestLockResult.txt",
			);
			runOnlyForDeploymentPostprocessing = 0;
			shellPath = /bin/sh;
			shellScript = "diff \"${PODS_PODFILE_DIR_PATH}/Podfile.lock\" \"${PODS_ROOT}/Manifest.lock\" > /dev/null\nif [ $? != 0 ] ; then\n    # print error to STDERR\n    echo \"error: The sandbox is not in sync with the Podfile.lock. Run 'pod install' or update your CocoaPods installation.\" >&2\n    exit 1\nfi\n# This output is used by Xcode 'outputs' to avoid re-running this script phase.\necho \"SUCCESS\" > \"${SCRIPT_OUTPUT_FILE_0}\"\n";
			showEnvVarsInLog = 0;
		};
		EC5CCA2BA85CEC22CB1C3C87 /* [CP] Copy Pods Resources */ = {
			isa = PBXShellScriptBuildPhase;
			buildActionMask = 2147483647;
			files = (
			);
			inputPaths = (
			);
			name = "[CP] Copy Pods Resources";
			outputPaths = (
			);
			runOnlyForDeploymentPostprocessing = 0;
			shellPath = /bin/sh;
			shellScript = "\"${SRCROOT}/Pods/Target Support Files/Pods-Anfitrion Paseo/Pods-Anfitrion Paseo-resources.sh\"\n";
			showEnvVarsInLog = 0;
		};
/* End PBXShellScriptBuildPhase section */

/* Begin PBXSourcesBuildPhase section */
		FAD6E4591F98D9B400824842 /* Sources */ = {
			isa = PBXSourcesBuildPhase;
			buildActionMask = 2147483647;
			files = (
				FAD6E4631F98D9B500824842 /* ViewController.swift in Sources */,
				FAD6E4611F98D9B500824842 /* AppDelegate.swift in Sources */,
			);
			runOnlyForDeploymentPostprocessing = 0;
		};
/* End PBXSourcesBuildPhase section */

/* Begin PBXVariantGroup section */
		FAD6E4641F98D9B500824842 /* Main.storyboard */ = {
			isa = PBXVariantGroup;
			children = (
				FAD6E4651F98D9B500824842 /* Base */,
			);
			name = Main.storyboard;
			sourceTree = "<group>";
		};
		FAD6E4691F98D9B500824842 /* LaunchScreen.storyboard */ = {
			isa = PBXVariantGroup;
			children = (
				FAD6E46A1F98D9B500824842 /* Base */,
			);
			name = LaunchScreen.storyboard;
			sourceTree = "<group>";
		};
/* End PBXVariantGroup section */

/* Begin XCBuildConfiguration section */
		FAD6E46D1F98D9B500824842 /* Debug */ = {
			isa = XCBuildConfiguration;
			buildSettings = {
				ALWAYS_SEARCH_USER_PATHS = NO;
				CLANG_ANALYZER_NONNULL = YES;
				CLANG_CXX_LANGUAGE_STANDARD = "gnu++0x";
				CLANG_CXX_LIBRARY = "libc++";
				CLANG_ENABLE_MODULES = YES;
				CLANG_ENABLE_OBJC_ARC = YES;
				CLANG_WARN_BOOL_CONVERSION = YES;
				CLANG_WARN_CONSTANT_CONVERSION = YES;
				CLANG_WARN_DIRECT_OBJC_ISA_USAGE = YES_ERROR;
				CLANG_WARN_DOCUMENTATION_COMMENTS = YES;
				CLANG_WARN_EMPTY_BODY = YES;
				CLANG_WARN_ENUM_CONVERSION = YES;
				CLANG_WARN_INFINITE_RECURSION = YES;
				CLANG_WARN_INT_CONVERSION = YES;
				CLANG_WARN_OBJC_ROOT_CLASS = YES_ERROR;
				CLANG_WARN_SUSPICIOUS_MOVE = YES;
				CLANG_WARN_UNREACHABLE_CODE = YES;
				CLANG_WARN__DUPLICATE_METHOD_MATCH = YES;
				"CODE_SIGN_IDENTITY[sdk=iphoneos*]" = "iPhone Developer";
				COPY_PHASE_STRIP = NO;
				DEBUG_INFORMATION_FORMAT = dwarf;
				ENABLE_STRICT_OBJC_MSGSEND = YES;
				ENABLE_TESTABILITY = YES;
				GCC_C_LANGUAGE_STANDARD = gnu99;
				GCC_DYNAMIC_NO_PIC = NO;
				GCC_NO_COMMON_BLOCKS = YES;
				GCC_OPTIMIZATION_LEVEL = 0;
				GCC_PREPROCESSOR_DEFINITIONS = (
					"DEBUG=1",
					"$(inherited)",
				);
				GCC_WARN_64_TO_32_BIT_CONVERSION = YES;
				GCC_WARN_ABOUT_RETURN_TYPE = YES_ERROR;
				GCC_WARN_UNDECLARED_SELECTOR = YES;
				GCC_WARN_UNINITIALIZED_AUTOS = YES_AGGRESSIVE;
				GCC_WARN_UNUSED_FUNCTION = YES;
				GCC_WARN_UNUSED_VARIABLE = YES;
				IPHONEOS_DEPLOYMENT_TARGET = 10.2;
				MTL_ENABLE_DEBUG_INFO = YES;
				ONLY_ACTIVE_ARCH = YES;
				SDKROOT = iphoneos;
				SWIFT_ACTIVE_COMPILATION_CONDITIONS = DEBUG;
				SWIFT_OPTIMIZATION_LEVEL = "-Onone";
				TARGETED_DEVICE_FAMILY = "1,2";
			};
			name = Debug;
		};
		FAD6E46E1F98D9B500824842 /* Release */ = {
			isa = XCBuildConfiguration;
			buildSettings = {
				ALWAYS_SEARCH_USER_PATHS = NO;
				CLANG_ANALYZER_NONNULL = YES;
				CLANG_CXX_LANGUAGE_STANDARD = "gnu++0x";
				CLANG_CXX_LIBRARY = "libc++";
				CLANG_ENABLE_MODULES = YES;
				CLANG_ENABLE_OBJC_ARC = YES;
				CLANG_WARN_BOOL_CONVERSION = YES;
				CLANG_WARN_CONSTANT_CONVERSION = YES;
				CLANG_WARN_DIRECT_OBJC_ISA_USAGE = YES_ERROR;
				CLANG_WARN_DOCUMENTATION_COMMENTS = YES;
				CLANG_WARN_EMPTY_BODY = YES;
				CLANG_WARN_ENUM_CONVERSION = YES;
				CLANG_WARN_INFINITE_RECURSION = YES;
				CLANG_WARN_INT_CONVERSION = YES;
				CLANG_WARN_OBJC_ROOT_CLASS = YES_ERROR;
				CLANG_WARN_SUSPICIOUS_MOVE = YES;
				CLANG_WARN_UNREACHABLE_CODE = YES;
				CLANG_WARN__DUPLICATE_METHOD_MATCH = YES;
				"CODE_SIGN_IDENTITY[sdk=iphoneos*]" = "iPhone Developer";
				COPY_PHASE_STRIP = NO;
				DEBUG_INFORMATION_FORMAT = "dwarf-with-dsym";
				ENABLE_NS_ASSERTIONS = NO;
				ENABLE_STRICT_OBJC_MSGSEND = YES;
				GCC_C_LANGUAGE_STANDARD = gnu99;
				GCC_NO_COMMON_BLOCKS = YES;
				GCC_WARN_64_TO_32_BIT_CONVERSION = YES;
				GCC_WARN_ABOUT_RETURN_TYPE = YES_ERROR;
				GCC_WARN_UNDECLARED_SELECTOR = YES;
				GCC_WARN_UNINITIALIZED_AUTOS = YES_AGGRESSIVE;
				GCC_WARN_UNUSED_FUNCTION = YES;
				GCC_WARN_UNUSED_VARIABLE = YES;
				IPHONEOS_DEPLOYMENT_TARGET = 10.2;
				MTL_ENABLE_DEBUG_INFO = NO;
				SDKROOT = iphoneos;
				SWIFT_OPTIMIZATION_LEVEL = "-Owholemodule";
				TARGETED_DEVICE_FAMILY = "1,2";
				VALIDATE_PRODUCT = YES;
			};
			name = Release;
		};
		FAD6E4701F98D9B500824842 /* Debug */ = {
			isa = XCBuildConfiguration;
			baseConfigurationReference = 7015108C23DA3EDFE7DC1DC0 /* Pods-Anfitrion Paseo.debug.xcconfig */;
			buildSettings = {
				ASSETCATALOG_COMPILER_APPICON_NAME = AppIcon;
				DEVELOPMENT_TEAM = 3FWNGW7RR4;
				INFOPLIST_FILE = "Anfitrion Paseo/Info.plist";
				IPHONEOS_DEPLOYMENT_TARGET = 9.1;
				LD_RUNPATH_SEARCH_PATHS = "$(inherited) @executable_path/Frameworks";
				PRODUCT_BUNDLE_IDENTIFIER = com.paseo78.anfitrion;
				PRODUCT_NAME = "$(TARGET_NAME)";
				SWIFT_VERSION = 3.0;
				TARGETED_DEVICE_FAMILY = "1,2";
			};
			name = Debug;
		};
		FAD6E4711F98D9B500824842 /* Release */ = {
			isa = XCBuildConfiguration;
			baseConfigurationReference = 0F7F80DFF389BB994893C291 /* Pods-Anfitrion Paseo.release.xcconfig */;
			buildSettings = {
				ASSETCATALOG_COMPILER_APPICON_NAME = AppIcon;
				DEVELOPMENT_TEAM = 3FWNGW7RR4;
				INFOPLIST_FILE = "Anfitrion Paseo/Info.plist";
				IPHONEOS_DEPLOYMENT_TARGET = 9.1;
				LD_RUNPATH_SEARCH_PATHS = "$(inherited) @executable_path/Frameworks";
				PRODUCT_BUNDLE_IDENTIFIER = com.paseo78.anfitrion;
				PRODUCT_NAME = "$(TARGET_NAME)";
				SWIFT_VERSION = 3.0;
				TARGETED_DEVICE_FAMILY = "1,2";
			};
			name = Release;
		};
/* End XCBuildConfiguration section */

/* Begin XCConfigurationList section */
		FAD6E4581F98D9B400824842 /* Build configuration list for PBXProject "Anfitrion Paseo" */ = {
			isa = XCConfigurationList;
			buildConfigurations = (
				FAD6E46D1F98D9B500824842 /* Debug */,
				FAD6E46E1F98D9B500824842 /* Release */,
			);
			defaultConfigurationIsVisible = 0;
			defaultConfigurationName = Release;
		};
		FAD6E46F1F98D9B500824842 /* Build configuration list for PBXNativeTarget "Anfitrion Paseo" */ = {
			isa = XCConfigurationList;
			buildConfigurations = (
				FAD6E4701F98D9B500824842 /* Debug */,
				FAD6E4711F98D9B500824842 /* Release */,
			);
			defaultConfigurationIsVisible = 0;
		};
/* End XCConfigurationList section */
	};
	rootObject = FAD6E4551F98D9B400824842 /* Project object */;
}
